
Microsoft Visual Studio Solution File, Format Version 12.00
# Visual Studio 15
VisualStudioVersion = 15.0.28307.1145
MinimumVisualStudioVersion = 10.0.40219.1
Project("{FAE04EC0-301F-11D3-BF4B-00C04F79EFBC}") = "YoutubeCommands", "YoutubeCommands.csproj", "{C3904782-61C7-4542-8ECA-33C3B032E65A}"
EndProject
Global
	GlobalSection(SolutionConfigurationPlatforms) = preSolution
		Debug|Any CPU = Debug|Any CPU
		Release|Any CPU = Release|Any CPU
	EndGlobalSection
	GlobalSection(ProjectConfigurationPlatforms) = postSolution
		{C3904782-61C7-4542-8ECA-33C3B032E65A}.Debug|Any CPU.ActiveCfg = Debug|Any CPU
		{C3904782-61C7-4542-8ECA-33C3B032E65A}.Debug|Any CPU.Build.0 = Debug|Any CPU
		{C3904782-61C7-4542-8ECA-33C3B032E65A}.Release|Any CPU.ActiveCfg = Release|Any CPU
		{C3904782-61C7-4542-8ECA-33C3B032E65A}.Release|Any CPU.Build.0 = Release|Any CPU
	EndGlobalSection
	GlobalSection(SolutionProperties) = preSolution
		HideSolutionNode = FALSE
	EndGlobalSection
	GlobalSection(ExtensibilityGlobals) = postSolution
		SolutionGuid = {1FD17F7F-957F-4B79-8E07-AD8295BB6A9A}
	EndGlobalSection
EndGlobal
